
Microsoft Visual Studio Solution File, Format Version 12.00
# Visual Studio Version 16
VisualStudioVersion = 16.0.29503.13
MinimumVisualStudioVersion = 10.0.40219.1
Project("{FAE04EC0-301F-11D3-BF4B-00C04F79EFBC}") = "Soccer.Common", "Soccer.Common\Soccer.Common.csproj", "{CC74E680-B064-4258-A202-05E616B3F710}"
EndProject
Project("{FAE04EC0-301F-11D3-BF4B-00C04F79EFBC}") = "Soccer.Web", "Soccer.Web\Soccer.Web.csproj", "{AFC06950-C676-482A-A8B2-0E67624B4D27}"
EndProject
Project("{FAE04EC0-301F-11D3-BF4B-00C04F79EFBC}") = "Soccer.Prism", "Soccer.Prism\Soccer.Prism\Soccer.Prism.csproj", "{1AE59D92-FDF7-4C44-A0DB-AE6CA8503DF5}"
EndProject
Project("{FAE04EC0-301F-11D3-BF4B-00C04F79EFBC}") = "Soccer.Prism.Android", "Soccer.Prism\Soccer.Prism.Android\Soccer.Prism.Android.csproj", "{53A5E7FB-FDA1-4B7F-B22F-06C22F88A7FA}"
EndProject
Project("{FAE04EC0-301F-11D3-BF4B-00C04F79EFBC}") = "Soccer.Prism.iOS", "Soccer.Prism\Soccer.Prism.iOS\Soccer.Prism.iOS.csproj", "{D6B7EF4E-4440-4B63-9DAC-B65008CAED6F}"
EndProject
Project("{FAE04EC0-301F-11D3-BF4B-00C04F79EFBC}") = "Soccer.Cross.Android", "Soccer.Cross.Android\Soccer.Cross.Android.csproj", "{EFED8FC1-6A7A-4997-8914-321F8358B384}"
EndProject
Project("{FAE04EC0-301F-11D3-BF4B-00C04F79EFBC}") = "Soccer.Cross.iOS", "Soccer.Cross.iOS\Soccer.Cross.iOS.csproj", "{B65CF92D-74D2-409B-9C1F-BCBC76305972}"
EndProject
Global
	GlobalSection(SolutionConfigurationPlatforms) = preSolution
		Ad-Hoc|Any CPU = Ad-Hoc|Any CPU
		Ad-Hoc|iPhone = Ad-Hoc|iPhone
		Ad-Hoc|iPhoneSimulator = Ad-Hoc|iPhoneSimulator
		AppStore|Any CPU = AppStore|Any CPU
		AppStore|iPhone = AppStore|iPhone
		AppStore|iPhoneSimulator = AppStore|iPhoneSimulator
		Debug|Any CPU = Debug|Any CPU
		Debug|iPhone = Debug|iPhone
		Debug|iPhoneSimulator = Debug|iPhoneSimulator
		Release|Any CPU = Release|Any CPU
		Release|iPhone = Release|iPhone
		Release|iPhoneSimulator = Release|iPhoneSimulator
	EndGlobalSection
	GlobalSection(ProjectConfigurationPlatforms) = postSolution
		{CC74E680-B064-4258-A202-05E616B3F710}.Ad-Hoc|Any CPU.ActiveCfg = Debug|Any CPU
		{CC74E680-B064-4258-A202-05E616B3F710}.Ad-Hoc|Any CPU.Build.0 = Debug|Any CPU
		{CC74E680-B064-4258-A202-05E616B3F710}.Ad-Hoc|iPhone.ActiveCfg = Debug|Any CPU
		{CC74E680-B064-4258-A202-05E616B3F710}.Ad-Hoc|iPhone.Build.0 = Debug|Any CPU
		{CC74E680-B064-4258-A202-05E616B3F710}.Ad-Hoc|iPhoneSimulator.ActiveCfg = Debug|Any CPU
		{CC74E680-B064-4258-A202-05E616B3F710}.Ad-Hoc|iPhoneSimulator.Build.0 = Debug|Any CPU
		{CC74E680-B064-4258-A202-05E616B3F710}.AppStore|Any CPU.ActiveCfg = Debug|Any CPU
		{CC74E680-B064-4258-A202-05E616B3F710}.AppStore|Any CPU.Build.0 = Debug|Any CPU
		{CC74E680-B064-4258-A202-05E616B3F710}.AppStore|iPhone.ActiveCfg = Debug|Any CPU
		{CC74E680-B064-4258-A202-05E616B3F710}.AppStore|iPhone.Build.0 = Debug|Any CPU
		{CC74E680-B064-4258-A202-05E616B3F710}.AppStore|iPhoneSimulator.ActiveCfg = Debug|Any CPU
		{CC74E680-B064-4258-A202-05E616B3F710}.AppStore|iPhoneSimulator.Build.0 = Debug|Any CPU
		{CC74E680-B064-4258-A202-05E616B3F710}.Debug|Any CPU.ActiveCfg = Debug|Any CPU
		{CC74E680-B064-4258-A202-05E616B3F710}.Debug|Any CPU.Build.0 = Debug|Any CPU
		{CC74E680-B064-4258-A202-05E616B3F710}.Debug|iPhone.ActiveCfg = Debug|Any CPU
		{CC74E680-B064-4258-A202-05E616B3F710}.Debug|iPhone.Build.0 = Debug|Any CPU
		{CC74E680-B064-4258-A202-05E616B3F710}.Debug|iPhoneSimulator.ActiveCfg = Debug|Any CPU
		{CC74E680-B064-4258-A202-05E616B3F710}.Debug|iPhoneSimulator.Build.0 = Debug|Any CPU
		{CC74E680-B064-4258-A202-05E616B3F710}.Release|Any CPU.ActiveCfg = Release|Any CPU
		{CC74E680-B064-4258-A202-05E616B3F710}.Release|Any CPU.Build.0 = Release|Any CPU
		{CC74E680-B064-4258-A202-05E616B3F710}.Release|iPhone.ActiveCfg = Release|Any CPU
		{CC74E680-B064-4258-A202-05E616B3F710}.Release|iPhone.Build.0 = Release|Any CPU
		{CC74E680-B064-4258-A202-05E616B3F710}.Release|iPhoneSimulator.ActiveCfg = Release|Any CPU
		{CC74E680-B064-4258-A202-05E616B3F710}.Release|iPhoneSimulator.Build.0 = Release|Any CPU
		{AFC06950-C676-482A-A8B2-0E67624B4D27}.Ad-Hoc|Any CPU.ActiveCfg = Debug|Any CPU
		{AFC06950-C676-482A-A8B2-0E67624B4D27}.Ad-Hoc|Any CPU.Build.0 = Debug|Any CPU
		{AFC06950-C676-482A-A8B2-0E67624B4D27}.Ad-Hoc|iPhone.ActiveCfg = Debug|Any CPU
		{AFC06950-C676-482A-A8B2-0E67624B4D27}.Ad-Hoc|iPhone.Build.0 = Debug|Any CPU
		{AFC06950-C676-482A-A8B2-0E67624B4D27}.Ad-Hoc|iPhoneSimulator.ActiveCfg = Debug|Any CPU
		{AFC06950-C676-482A-A8B2-0E67624B4D27}.Ad-Hoc|iPhoneSimulator.Build.0 = Debug|Any CPU
		{AFC06950-C676-482A-A8B2-0E67624B4D27}.AppStore|Any CPU.ActiveCfg = Debug|Any CPU
		{AFC06950-C676-482A-A8B2-0E67624B4D27}.AppStore|Any CPU.Build.0 = Debug|Any CPU
		{AFC06950-C676-482A-A8B2-0E67624B4D27}.AppStore|iPhone.ActiveCfg = Debug|Any CPU
		{AFC06950-C676-482A-A8B2-0E67624B4D27}.AppStore|iPhone.Build.0 = Debug|Any CPU
		{AFC06950-C676-482A-A8B2-0E67624B4D27}.AppStore|iPhoneSimulator.ActiveCfg = Debug|Any CPU
		{AFC06950-C676-482A-A8B2-0E67624B4D27}.AppStore|iPhoneSimulator.Build.0 = Debug|Any CPU
		{AFC06950-C676-482A-A8B2-0E67624B4D27}.Debug|Any CPU.ActiveCfg = Debug|Any CPU
		{AFC06950-C676-482A-A8B2-0E67624B4D27}.Debug|Any CPU.Build.0 = Debug|Any CPU
		{AFC06950-C676-482A-A8B2-0E67624B4D27}.Debug|iPhone.ActiveCfg = Debug|Any CPU
		{AFC06950-C676-482A-A8B2-0E67624B4D27}.Debug|iPhone.Build.0 = Debug|Any CPU
		{AFC06950-C676-482A-A8B2-0E67624B4D27}.Debug|iPhoneSimulator.ActiveCfg = Debug|Any CPU
		{AFC06950-C676-482A-A8B2-0E67624B4D27}.Debug|iPhoneSimulator.Build.0 = Debug|Any CPU
		{AFC06950-C676-482A-A8B2-0E67624B4D27}.Release|Any CPU.ActiveCfg = Release|Any CPU
		{AFC06950-C676-482A-A8B2-0E67624B4D27}.Release|Any CPU.Build.0 = Release|Any CPU
		{AFC06950-C676-482A-A8B2-0E67624B4D27}.Release|iPhone.ActiveCfg = Release|Any CPU
		{AFC06950-C676-482A-A8B2-0E67624B4D27}.Release|iPhone.Build.0 = Release|Any CPU
		{AFC06950-C676-482A-A8B2-0E67624B4D27}.Release|iPhoneSimulator.ActiveCfg = Release|Any CPU
		{AFC06950-C676-482A-A8B2-0E67624B4D27}.Release|iPhoneSimulator.Build.0 = Release|Any CPU
		{1AE59D92-FDF7-4C44-A0DB-AE6CA8503DF5}.Ad-Hoc|Any CPU.ActiveCfg = Debug|Any CPU
		{1AE59D92-FDF7-4C44-A0DB-AE6CA8503DF5}.Ad-Hoc|Any CPU.Build.0 = Debug|Any CPU
		{1AE59D92-FDF7-4C44-A0DB-AE6CA8503DF5}.Ad-Hoc|iPhone.ActiveCfg = Debug|Any CPU
		{1AE59D92-FDF7-4C44-A0DB-AE6CA8503DF5}.Ad-Hoc|iPhone.Build.0 = Debug|Any CPU
		{1AE59D92-FDF7-4C44-A0DB-AE6CA8503DF5}.Ad-Hoc|iPhoneSimulator.ActiveCfg = Debug|Any CPU
		{1AE59D92-FDF7-4C44-A0DB-AE6CA8503DF5}.Ad-Hoc|iPhoneSimulator.Build.0 = Debug|Any CPU
		{1AE59D92-FDF7-4C44-A0DB-AE6CA8503DF5}.AppStore|Any CPU.ActiveCfg = Debug|Any CPU
		{1AE59D92-FDF7-4C44-A0DB-AE6CA8503DF5}.AppStore|Any CPU.Build.0 = Debug|Any CPU
		{1AE59D92-FDF7-4C44-A0DB-AE6CA8503DF5}.AppStore|iPhone.ActiveCfg = Debug|Any CPU
		{1AE59D92-FDF7-4C44-A0DB-AE6CA8503DF5}.AppStore|iPhone.Build.0 = Debug|Any CPU
		{1AE59D92-FDF7-4C44-A0DB-AE6CA8503DF5}.AppStore|iPhoneSimulator.ActiveCfg = Debug|Any CPU
		{1AE59D92-FDF7-4C44-A0DB-AE6CA8503DF5}.AppStore|iPhoneSimulator.Build.0 = Debug|Any CPU
		{1AE59D92-FDF7-4C44-A0DB-AE6CA8503DF5}.Debug|Any CPU.ActiveCfg = Debug|Any CPU
		{1AE59D92-FDF7-4C44-A0DB-AE6CA8503DF5}.Debug|Any CPU.Build.0 = Debug|Any CPU
		{1AE59D92-FDF7-4C44-A0DB-AE6CA8503DF5}.Debug|iPhone.ActiveCfg = Debug|Any CPU
		{1AE59D92-FDF7-4C44-A0DB-AE6CA8503DF5}.Debug|iPhone.Build.0 = Debug|Any CPU
		{1AE59D92-FDF7-4C44-A0DB-AE6CA8503DF5}.Debug|iPhoneSimulator.ActiveCfg = Debug|Any CPU
		{1AE59D92-FDF7-4C44-A0DB-AE6CA8503DF5}.Debug|iPhoneSimulator.Build.0 = Debug|Any CPU
		{1AE59D92-FDF7-4C44-A0DB-AE6CA8503DF5}.Release|Any CPU.ActiveCfg = Release|Any CPU
		{1AE59D92-FDF7-4C44-A0DB-AE6CA8503DF5}.Release|Any CPU.Build.0 = Release|Any CPU
		{1AE59D92-FDF7-4C44-A0DB-AE6CA8503DF5}.Release|iPhone.ActiveCfg = Release|Any CPU
		{1AE59D92-FDF7-4C44-A0DB-AE6CA8503DF5}.Release|iPhone.Build.0 = Release|Any CPU
		{1AE59D92-FDF7-4C44-A0DB-AE6CA8503DF5}.Release|iPhoneSimulator.ActiveCfg = Release|Any CPU
		{1AE59D92-FDF7-4C44-A0DB-AE6CA8503DF5}.Release|iPhoneSimulator.Build.0 = Release|Any CPU
		{53A5E7FB-FDA1-4B7F-B22F-06C22F88A7FA}.Ad-Hoc|Any CPU.ActiveCfg = Release|Any CPU
		{53A5E7FB-FDA1-4B7F-B22F-06C22F88A7FA}.Ad-Hoc|Any CPU.Build.0 = Release|Any CPU
		{53A5E7FB-FDA1-4B7F-B22F-06C22F88A7FA}.Ad-Hoc|Any CPU.Deploy.0 = Release|Any CPU
		{53A5E7FB-FDA1-4B7F-B22F-06C22F88A7FA}.Ad-Hoc|iPhone.ActiveCfg = Release|Any CPU
		{53A5E7FB-FDA1-4B7F-B22F-06C22F88A7FA}.Ad-Hoc|iPhone.Build.0 = Release|Any CPU
		{53A5E7FB-FDA1-4B7F-B22F-06C22F88A7FA}.Ad-Hoc|iPhone.Deploy.0 = Release|Any CPU
		{53A5E7FB-FDA1-4B7F-B22F-06C22F88A7FA}.Ad-Hoc|iPhoneSimulator.ActiveCfg = Release|Any CPU
		{53A5E7FB-FDA1-4B7F-B22F-06C22F88A7FA}.Ad-Hoc|iPhoneSimulator.Build.0 = Release|Any CPU
		{53A5E7FB-FDA1-4B7F-B22F-06C22F88A7FA}.Ad-Hoc|iPhoneSimulator.Deploy.0 = Release|Any CPU
		{53A5E7FB-FDA1-4B7F-B22F-06C22F88A7FA}.AppStore|Any CPU.ActiveCfg = Release|Any CPU
		{53A5E7FB-FDA1-4B7F-B22F-06C22F88A7FA}.AppStore|Any CPU.Build.0 = Release|Any CPU
		{53A5E7FB-FDA1-4B7F-B22F-06C22F88A7FA}.AppStore|Any CPU.Deploy.0 = Release|Any CPU
		{53A5E7FB-FDA1-4B7F-B22F-06C22F88A7FA}.AppStore|iPhone.ActiveCfg = Release|Any CPU
		{53A5E7FB-FDA1-4B7F-B22F-06C22F88A7FA}.AppStore|iPhone.Build.0 = Release|Any CPU
		{53A5E7FB-FDA1-4B7F-B22F-06C22F88A7FA}.AppStore|iPhone.Deploy.0 = Release|Any CPU
		{53A5E7FB-FDA1-4B7F-B22F-06C22F88A7FA}.AppStore|iPhoneSimulator.ActiveCfg = Release|Any CPU
		{53A5E7FB-FDA1-4B7F-B22F-06C22F88A7FA}.AppStore|iPhoneSimulator.Build.0 = Release|Any CPU
		{53A5E7FB-FDA1-4B7F-B22F-06C22F88A7FA}.AppStore|iPhoneSimulator.Deploy.0 = Release|Any CPU
		{53A5E7FB-FDA1-4B7F-B22F-06C22F88A7FA}.Debug|Any CPU.ActiveCfg = Debug|Any CPU
		{53A5E7FB-FDA1-4B7F-B22F-06C22F88A7FA}.Debug|Any CPU.Build.0 = Debug|Any CPU
		{53A5E7FB-FDA1-4B7F-B22F-06C22F88A7FA}.Debug|Any CPU.Deploy.0 = Debug|Any CPU
		{53A5E7FB-FDA1-4B7F-B22F-06C22F88A7FA}.Debug|iPhone.ActiveCfg = Debug|Any CPU
		{53A5E7FB-FDA1-4B7F-B22F-06C22F88A7FA}.Debug|iPhone.Build.0 = Debug|Any CPU
		{53A5E7FB-FDA1-4B7F-B22F-06C22F88A7FA}.Debug|iPhone.Deploy.0 = Debug|Any CPU
		{53A5E7FB-FDA1-4B7F-B22F-06C22F88A7FA}.Debug|iPhoneSimulator.ActiveCfg = Debug|Any CPU
		{53A5E7FB-FDA1-4B7F-B22F-06C22F88A7FA}.Debug|iPhoneSimulator.Build.0 = Debug|Any CPU
		{53A5E7FB-FDA1-4B7F-B22F-06C22F88A7FA}.Debug|iPhoneSimulator.Deploy.0 = Debug|Any CPU
		{53A5E7FB-FDA1-4B7F-B22F-06C22F88A7FA}.Release|Any CPU.ActiveCfg = Release|Any CPU
		{53A5E7FB-FDA1-4B7F-B22F-06C22F88A7FA}.Release|Any CPU.Build.0 = Release|Any CPU
		{53A5E7FB-FDA1-4B7F-B22F-06C22F88A7FA}.Release|Any CPU.Deploy.0 = Release|Any CPU
		{53A5E7FB-FDA1-4B7F-B22F-06C22F88A7FA}.Release|iPhone.ActiveCfg = Release|Any CPU
		{53A5E7FB-FDA1-4B7F-B22F-06C22F88A7FA}.Release|iPhone.Build.0 = Release|Any CPU
		{53A5E7FB-FDA1-4B7F-B22F-06C22F88A7FA}.Release|iPhone.Deploy.0 = Release|Any CPU
		{53A5E7FB-FDA1-4B7F-B22F-06C22F88A7FA}.Release|iPhoneSimulator.ActiveCfg = Release|Any CPU
		{53A5E7FB-FDA1-4B7F-B22F-06C22F88A7FA}.Release|iPhoneSimulator.Build.0 = Release|Any CPU
		{53A5E7FB-FDA1-4B7F-B22F-06C22F88A7FA}.Release|iPhoneSimulator.Deploy.0 = Release|Any CPU
		{D6B7EF4E-4440-4B63-9DAC-B65008CAED6F}.Ad-Hoc|Any CPU.ActiveCfg = Ad-Hoc|iPhone
		{D6B7EF4E-4440-4B63-9DAC-B65008CAED6F}.Ad-Hoc|iPhone.ActiveCfg = Ad-Hoc|iPhone
		{D6B7EF4E-4440-4B63-9DAC-B65008CAED6F}.Ad-Hoc|iPhone.Build.0 = Ad-Hoc|iPhone
		{D6B7EF4E-4440-4B63-9DAC-B65008CAED6F}.Ad-Hoc|iPhoneSimulator.ActiveCfg = Ad-Hoc|iPhoneSimulator
		{D6B7EF4E-4440-4B63-9DAC-B65008CAED6F}.Ad-Hoc|iPhoneSimulator.Build.0 = Ad-Hoc|iPhoneSimulator
		{D6B7EF4E-4440-4B63-9DAC-B65008CAED6F}.AppStore|Any CPU.ActiveCfg = AppStore|iPhone
		{D6B7EF4E-4440-4B63-9DAC-B65008CAED6F}.AppStore|iPhone.ActiveCfg = AppStore|iPhone
		{D6B7EF4E-4440-4B63-9DAC-B65008CAED6F}.AppStore|iPhone.Build.0 = AppStore|iPhone
		{D6B7EF4E-4440-4B63-9DAC-B65008CAED6F}.AppStore|iPhoneSimulator.ActiveCfg = AppStore|iPhoneSimulator
		{D6B7EF4E-4440-4B63-9DAC-B65008CAED6F}.AppStore|iPhoneSimulator.Build.0 = AppStore|iPhoneSimulator
		{D6B7EF4E-4440-4B63-9DAC-B65008CAED6F}.Debug|Any CPU.ActiveCfg = Debug|iPhone
		{D6B7EF4E-4440-4B63-9DAC-B65008CAED6F}.Debug|iPhone.ActiveCfg = Debug|iPhone
		{D6B7EF4E-4440-4B63-9DAC-B65008CAED6F}.Debug|iPhone.Build.0 = Debug|iPhone
		{D6B7EF4E-4440-4B63-9DAC-B65008CAED6F}.Debug|iPhoneSimulator.ActiveCfg = Debug|iPhoneSimulator
		{D6B7EF4E-4440-4B63-9DAC-B65008CAED6F}.Debug|iPhoneSimulator.Build.0 = Debug|iPhoneSimulator
		{D6B7EF4E-4440-4B63-9DAC-B65008CAED6F}.Release|Any CPU.ActiveCfg = Release|iPhone
		{D6B7EF4E-4440-4B63-9DAC-B65008CAED6F}.Release|iPhone.ActiveCfg = Release|iPhone
		{D6B7EF4E-4440-4B63-9DAC-B65008CAED6F}.Release|iPhone.Build.0 = Release|iPhone
		{D6B7EF4E-4440-4B63-9DAC-B65008CAED6F}.Release|iPhoneSimulator.ActiveCfg = Release|iPhoneSimulator
		{D6B7EF4E-4440-4B63-9DAC-B65008CAED6F}.Release|iPhoneSimulator.Build.0 = Release|iPhoneSimulator
		{EFED8FC1-6A7A-4997-8914-321F8358B384}.Ad-Hoc|Any CPU.ActiveCfg = Release|Any CPU
		{EFED8FC1-6A7A-4997-8914-321F8358B384}.Ad-Hoc|Any CPU.Build.0 = Release|Any CPU
		{EFED8FC1-6A7A-4997-8914-321F8358B384}.Ad-Hoc|Any CPU.Deploy.0 = Release|Any CPU
		{EFED8FC1-6A7A-4997-8914-321F8358B384}.Ad-Hoc|iPhone.ActiveCfg = Release|Any CPU
		{EFED8FC1-6A7A-4997-8914-321F8358B384}.Ad-Hoc|iPhone.Build.0 = Release|Any CPU
		{EFED8FC1-6A7A-4997-8914-321F8358B384}.Ad-Hoc|iPhone.Deploy.0 = Release|Any CPU
		{EFED8FC1-6A7A-4997-8914-321F8358B384}.Ad-Hoc|iPhoneSimulator.ActiveCfg = Release|Any CPU
		{EFED8FC1-6A7A-4997-8914-321F8358B384}.Ad-Hoc|iPhoneSimulator.Build.0 = Release|Any CPU
		{EFED8FC1-6A7A-4997-8914-321F8358B384}.Ad-Hoc|iPhoneSimulator.Deploy.0 = Release|Any CPU
		{EFED8FC1-6A7A-4997-8914-321F8358B384}.AppStore|Any CPU.ActiveCfg = Release|Any CPU
		{EFED8FC1-6A7A-4997-8914-321F8358B384}.AppStore|Any CPU.Build.0 = Release|Any CPU
		{EFED8FC1-6A7A-4997-8914-321F8358B384}.AppStore|Any CPU.Deploy.0 = Release|Any CPU
		{EFED8FC1-6A7A-4997-8914-321F8358B384}.AppStore|iPhone.ActiveCfg = Release|Any CPU
		{EFED8FC1-6A7A-4997-8914-321F8358B384}.AppStore|iPhone.Build.0 = Release|Any CPU
		{EFED8FC1-6A7A-4997-8914-321F8358B384}.AppStore|iPhone.Deploy.0 = Release|Any CPU
		{EFED8FC1-6A7A-4997-8914-321F8358B384}.AppStore|iPhoneSimulator.ActiveCfg = Release|Any CPU
		{EFED8FC1-6A7A-4997-8914-321F8358B384}.AppStore|iPhoneSimulator.Build.0 = Release|Any CPU
		{EFED8FC1-6A7A-4997-8914-321F8358B384}.AppStore|iPhoneSimulator.Deploy.0 = Release|Any CPU
		{EFED8FC1-6A7A-4997-8914-321F8358B384}.Debug|Any CPU.ActiveCfg = Debug|Any CPU
		{EFED8FC1-6A7A-4997-8914-321F8358B384}.Debug|Any CPU.Build.0 = Debug|Any CPU
		{EFED8FC1-6A7A-4997-8914-321F8358B384}.Debug|Any CPU.Deploy.0 = Debug|Any CPU
		{EFED8FC1-6A7A-4997-8914-321F8358B384}.Debug|iPhone.ActiveCfg = Debug|Any CPU
		{EFED8FC1-6A7A-4997-8914-321F8358B384}.Debug|iPhone.Build.0 = Debug|Any CPU
		{EFED8FC1-6A7A-4997-8914-321F8358B384}.Debug|iPhone.Deploy.0 = Debug|Any CPU
		{EFED8FC1-6A7A-4997-8914-321F8358B384}.Debug|iPhoneSimulator.ActiveCfg = Debug|Any CPU
		{EFED8FC1-6A7A-4997-8914-321F8358B384}.Debug|iPhoneSimulator.Build.0 = Debug|Any CPU
		{EFED8FC1-6A7A-4997-8914-321F8358B384}.Debug|iPhoneSimulator.Deploy.0 = Debug|Any CPU
		{EFED8FC1-6A7A-4997-8914-321F8358B384}.Release|Any CPU.ActiveCfg = Release|Any CPU
		{EFED8FC1-6A7A-4997-8914-321F8358B384}.Release|Any CPU.Build.0 = Release|Any CPU
		{EFED8FC1-6A7A-4997-8914-321F8358B384}.Release|Any CPU.Deploy.0 = Release|Any CPU
		{EFED8FC1-6A7A-4997-8914-321F8358B384}.Release|iPhone.ActiveCfg = Release|Any CPU
		{EFED8FC1-6A7A-4997-8914-321F8358B384}.Release|iPhone.Build.0 = Release|Any CPU
		{EFED8FC1-6A7A-4997-8914-321F8358B384}.Release|iPhone.Deploy.0 = Release|Any CPU
		{EFED8FC1-6A7A-4997-8914-321F8358B384}.Release|iPhoneSimulator.ActiveCfg = Release|Any CPU
		{EFED8FC1-6A7A-4997-8914-321F8358B384}.Release|iPhoneSimulator.Build.0 = Release|Any CPU
		{EFED8FC1-6A7A-4997-8914-321F8358B384}.Release|iPhoneSimulator.Deploy.0 = Release|Any CPU
		{B65CF92D-74D2-409B-9C1F-BCBC76305972}.Ad-Hoc|Any CPU.ActiveCfg = Release|iPhone
		{B65CF92D-74D2-409B-9C1F-BCBC76305972}.Ad-Hoc|Any CPU.Build.0 = Release|iPhone
		{B65CF92D-74D2-409B-9C1F-BCBC76305972}.Ad-Hoc|iPhone.ActiveCfg = Release|iPhone
		{B65CF92D-74D2-409B-9C1F-BCBC76305972}.Ad-Hoc|iPhone.Build.0 = Release|iPhone
		{B65CF92D-74D2-409B-9C1F-BCBC76305972}.Ad-Hoc|iPhoneSimulator.ActiveCfg = Release|iPhoneSimulator
		{B65CF92D-74D2-409B-9C1F-BCBC76305972}.Ad-Hoc|iPhoneSimulator.Build.0 = Release|iPhoneSimulator
		{B65CF92D-74D2-409B-9C1F-BCBC76305972}.AppStore|Any CPU.ActiveCfg = Release|iPhone
		{B65CF92D-74D2-409B-9C1F-BCBC76305972}.AppStore|Any CPU.Build.0 = Release|iPhone
		{B65CF92D-74D2-409B-9C1F-BCBC76305972}.AppStore|iPhone.ActiveCfg = Release|iPhone
		{B65CF92D-74D2-409B-9C1F-BCBC76305972}.AppStore|iPhone.Build.0 = Release|iPhone
		{B65CF92D-74D2-409B-9C1F-BCBC76305972}.AppStore|iPhoneSimulator.ActiveCfg = Release|iPhoneSimulator
		{B65CF92D-74D2-409B-9C1F-BCBC76305972}.AppStore|iPhoneSimulator.Build.0 = Release|iPhoneSimulator
		{B65CF92D-74D2-409B-9C1F-BCBC76305972}.Debug|Any CPU.ActiveCfg = Debug|iPhone
		{B65CF92D-74D2-409B-9C1F-BCBC76305972}.Debug|iPhone.ActiveCfg = Debug|iPhone
		{B65CF92D-74D2-409B-9C1F-BCBC76305972}.Debug|iPhone.Build.0 = Debug|iPhone
		{B65CF92D-74D2-409B-9C1F-BCBC76305972}.Debug|iPhoneSimulator.ActiveCfg = Debug|iPhoneSimulator
		{B65CF92D-74D2-409B-9C1F-BCBC76305972}.Debug|iPhoneSimulator.Build.0 = Debug|iPhoneSimulator
		{B65CF92D-74D2-409B-9C1F-BCBC76305972}.Release|Any CPU.ActiveCfg = Release|iPhone
		{B65CF92D-74D2-409B-9C1F-BCBC76305972}.Release|iPhone.ActiveCfg = Release|iPhone
		{B65CF92D-74D2-409B-9C1F-BCBC76305972}.Release|iPhone.Build.0 = Release|iPhone
		{B65CF92D-74D2-409B-9C1F-BCBC76305972}.Release|iPhoneSimulator.ActiveCfg = Release|iPhoneSimulator
		{B65CF92D-74D2-409B-9C1F-BCBC76305972}.Release|iPhoneSimulator.Build.0 = Release|iPhoneSimulator
	EndGlobalSection
	GlobalSection(SolutionProperties) = preSolution
		HideSolutionNode = FALSE
	EndGlobalSection
	GlobalSection(ExtensibilityGlobals) = postSolution
		SolutionGuid = {430C5A0E-B4F3-4755-908F-A103EA78CD5B}
	EndGlobalSection
EndGlobal
